
Microsoft Visual Studio Solution File, Format Version 12.00
# Visual Studio 15
VisualStudioVersion = 15.0.28307.852
MinimumVisualStudioVersion = 10.0.40219.1
Project("{FAE04EC0-301F-11D3-BF4B-00C04F79EFBC}") = "ConsoleApp2", "ConsoleApp2\ConsoleApp2.csproj", "{CF07CC95-6672-4116-AE6A-DC02F456A296}"
EndProject
Global
	GlobalSection(SolutionConfigurationPlatforms) = preSolution
		Debug|Any CPU = Debug|Any CPU
		Release|Any CPU = Release|Any CPU
	EndGlobalSection
	GlobalSection(ProjectConfigurationPlatforms) = postSolution
		{CF07CC95-6672-4116-AE6A-DC02F456A296}.Debug|Any CPU.ActiveCfg = Debug|Any CPU
		{CF07CC95-6672-4116-AE6A-DC02F456A296}.Debug|Any CPU.Build.0 = Debug|Any CPU
		{CF07CC95-6672-4116-AE6A-DC02F456A296}.Release|Any CPU.ActiveCfg = Release|Any CPU
		{CF07CC95-6672-4116-AE6A-DC02F456A296}.Release|Any CPU.Build.0 = Release|Any CPU
	EndGlobalSection
	GlobalSection(SolutionProperties) = preSolution
		HideSolutionNode = FALSE
	EndGlobalSection
	GlobalSection(ExtensibilityGlobals) = postSolution
		SolutionGuid = {53241858-AEEC-4F1B-9B3B-57CAC3BE82A1}
	EndGlobalSection
EndGlobal
